
Microsoft Visual Studio Solution File, Format Version 12.00
# Visual Studio Version 17
VisualStudioVersion = 17.1.32210.238
MinimumVisualStudioVersion = 10.0.40219.1
Project("{FAE04EC0-301F-11D3-BF4B-00C04F79EFBC}") = "StudentManagement", "StudentManagement\StudentManagement.csproj", "{8FA87405-A489-43E4-9612-FB80F9F497CA}"
EndProject
Project("{FAE04EC0-301F-11D3-BF4B-00C04F79EFBC}") = "StudentManagementTest", "StudentManagementTest\StudentManagementTest.csproj", "{F9F11B9F-2469-4720-AB32-3591154D53C6}"
EndProject
Global
	GlobalSection(SolutionConfigurationPlatforms) = preSolution
		Debug|Any CPU = Debug|Any CPU
		Release|Any CPU = Release|Any CPU
	EndGlobalSection
	GlobalSection(ProjectConfigurationPlatforms) = postSolution
		{8FA87405-A489-43E4-9612-FB80F9F497CA}.Debug|Any CPU.ActiveCfg = Debug|Any CPU
		{8FA87405-A489-43E4-9612-FB80F9F497CA}.Debug|Any CPU.Build.0 = Debug|Any CPU
		{8FA87405-A489-43E4-9612-FB80F9F497CA}.Release|Any CPU.ActiveCfg = Release|Any CPU
		{8FA87405-A489-43E4-9612-FB80F9F497CA}.Release|Any CPU.Build.0 = Release|Any CPU
		{F9F11B9F-2469-4720-AB32-3591154D53C6}.Debug|Any CPU.ActiveCfg = Debug|Any CPU
		{F9F11B9F-2469-4720-AB32-3591154D53C6}.Debug|Any CPU.Build.0 = Debug|Any CPU
		{F9F11B9F-2469-4720-AB32-3591154D53C6}.Release|Any CPU.ActiveCfg = Release|Any CPU
		{F9F11B9F-2469-4720-AB32-3591154D53C6}.Release|Any CPU.Build.0 = Release|Any CPU
	EndGlobalSection
	GlobalSection(SolutionProperties) = preSolution
		HideSolutionNode = FALSE
	EndGlobalSection
	GlobalSection(ExtensibilityGlobals) = postSolution
		SolutionGuid = {8873D655-3201-4258-927D-47A6E0C3E08A}
	EndGlobalSection
EndGlobal
